// !$*UTF8*$!
{
	archiveVersion = 1;
	classes = {
	};
	objectVersion = 46;
	objects = {

/* Begin PBXBuildFile section */
		A31E99DA1945D13000340069 /* Foundation.framework in Frameworks */ = {isa = PBXBuildFile; fileRef = A31E99D91945D13000340069 /* Foundation.framework */; };
		A31E99DC1945D13000340069 /* CoreGraphics.framework in Frameworks */ = {isa = PBXBuildFile; fileRef = A31E99DB1945D13000340069 /* CoreGraphics.framework */; };
		A31E99DE1945D13000340069 /* UIKit.framework in Frameworks */ = {isa = PBXBuildFile; fileRef = A31E99DD1945D13000340069 /* UIKit.framework */; };
		A31E99E01945D13000340069 /* CoreData.framework in Frameworks */ = {isa = PBXBuildFile; fileRef = A31E99DF1945D13000340069 /* CoreData.framework */; };
		A31E99E61945D13000340069 /* InfoPlist.strings in Resources */ = {isa = PBXBuildFile; fileRef = A31E99E41945D13000340069 /* InfoPlist.strings */; };
		A31E99E81945D13000340069 /* main.m in Sources */ = {isa = PBXBuildFile; fileRef = A31E99E71945D13000340069 /* main.m */; };
		A31E99EC1945D13000340069 /* TWAppDelegate.m in Sources */ = {isa = PBXBuildFile; fileRef = A31E99EB1945D13000340069 /* TWAppDelegate.m */; };
		A31E99EF1945D13000340069 /* Thousand_Words.xcdatamodeld in Sources */ = {isa = PBXBuildFile; fileRef = A31E99ED1945D13000340069 /* Thousand_Words.xcdatamodeld */; };
		A31E99F11945D13000340069 /* Images.xcassets in Resources */ = {isa = PBXBuildFile; fileRef = A31E99F01945D13000340069 /* Images.xcassets */; };
		A31E99F81945D13000340069 /* XCTest.framework in Frameworks */ = {isa = PBXBuildFile; fileRef = A31E99F71945D13000340069 /* XCTest.framework */; };
		A31E99F91945D13000340069 /* Foundation.framework in Frameworks */ = {isa = PBXBuildFile; fileRef = A31E99D91945D13000340069 /* Foundation.framework */; };
		A31E99FA1945D13000340069 /* UIKit.framework in Frameworks */ = {isa = PBXBuildFile; fileRef = A31E99DD1945D13000340069 /* UIKit.framework */; };
		A31E99FB1945D13000340069 /* CoreData.framework in Frameworks */ = {isa = PBXBuildFile; fileRef = A31E99DF1945D13000340069 /* CoreData.framework */; };
		A31E9A031945D13000340069 /* InfoPlist.strings in Resources */ = {isa = PBXBuildFile; fileRef = A31E9A011945D13000340069 /* InfoPlist.strings */; };
		A31E9A051945D13000340069 /* Thousand_WordsTests.m in Sources */ = {isa = PBXBuildFile; fileRef = A31E9A041945D13000340069 /* Thousand_WordsTests.m */; };
		A31E9A0F1945D2A800340069 /* Storyboard.storyboard in Resources */ = {isa = PBXBuildFile; fileRef = A31E9A0E1945D2A800340069 /* Storyboard.storyboard */; };
		A31E9A121945D34800340069 /* TWAlbumTableViewController.m in Sources */ = {isa = PBXBuildFile; fileRef = A31E9A111945D34800340069 /* TWAlbumTableViewController.m */; };
		A31E9A181946628800340069 /* TWCoreDataHelper.m in Sources */ = {isa = PBXBuildFile; fileRef = A31E9A171946628800340069 /* TWCoreDataHelper.m */; };
		A31E9A1B1947AB9300340069 /* TWPhotosCollectionViewController.m in Sources */ = {isa = PBXBuildFile; fileRef = A31E9A1A1947AB9300340069 /* TWPhotosCollectionViewController.m */; };
		A31E9A1E1947AE8200340069 /* TWPhotoCollectionViewCell.m in Sources */ = {isa = PBXBuildFile; fileRef = A31E9A1D1947AE8200340069 /* TWPhotoCollectionViewCell.m */; };
		A31E9A201947B15800340069 /* gunnar 2.jpg in Resources */ = {isa = PBXBuildFile; fileRef = A31E9A1F1947B15800340069 /* gunnar 2.jpg */; };
		A37956BE19D9452D009ECE6A /* Album.m in Sources */ = {isa = PBXBuildFile; fileRef = A37956BD19D9452D009ECE6A /* Album.m */; };
		A37956C119D9452E009ECE6A /* Photo.m in Sources */ = {isa = PBXBuildFile; fileRef = A37956C019D9452E009ECE6A /* Photo.m */; };
		A37956C519D94669009ECE6A /* TWPictureDataTransformer.m in Sources */ = {isa = PBXBuildFile; fileRef = A37956C419D94669009ECE6A /* TWPictureDataTransformer.m */; };
		A37956C819DACDD9009ECE6A /* TWPhotoDetailViewController.m in Sources */ = {isa = PBXBuildFile; fileRef = A37956C719DACDD9009ECE6A /* TWPhotoDetailViewController.m */; };
		A37956CB19DAD713009ECE6A /* TWFiltersCollectionViewController.m in Sources */ = {isa = PBXBuildFile; fileRef = A37956CA19DAD713009ECE6A /* TWFiltersCollectionViewController.m */; };
/* End PBXBuildFile section */

/* Begin PBXContainerItemProxy section */
		A31E99FC1945D13000340069 /* PBXContainerItemProxy */ = {
			isa = PBXContainerItemProxy;
			containerPortal = A31E99CE1945D13000340069 /* Project object */;
			proxyType = 1;
			remoteGlobalIDString = A31E99D51945D13000340069;
			remoteInfo = "Thousand Words";
		};
/* End PBXContainerItemProxy section */

/* Begin PBXFileReference section */
		A31E99D61945D13000340069 /* Thousand Words.app */ = {isa = PBXFileReference; explicitFileType = wrapper.application; includeInIndex = 0; path = "Thousand Words.app"; sourceTree = BUILT_PRODUCTS_DIR; };
		A31E99D91945D13000340069 /* Foundation.framework */ = {isa = PBXFileReference; lastKnownFileType = wrapper.framework; name = Foundation.framework; path = System/Library/Frameworks/Foundation.framework; sourceTree = SDKROOT; };
		A31E99DB1945D13000340069 /* CoreGraphics.framework */ = {isa = PBXFileReference; lastKnownFileType = wrapper.framework; name = CoreGraphics.framework; path = System/Library/Frameworks/CoreGraphics.framework; sourceTree = SDKROOT; };
		A31E99DD1945D13000340069 /* UIKit.framework */ = {isa = PBXFileReference; lastKnownFileType = wrapper.framework; name = UIKit.framework; path = System/Library/Frameworks/UIKit.framework; sourceTree = SDKROOT; };
		A31E99DF1945D13000340069 /* CoreData.framework */ = {isa = PBXFileReference; lastKnownFileType = wrapper.framework; name = CoreData.framework; path = System/Library/Frameworks/CoreData.framework; sourceTree = SDKROOT; };
		A31E99E31945D13000340069 /* Thousand Words-Info.plist */ = {isa = PBXFileReference; lastKnownFileType = text.plist.xml; path = "Thousand Words-Info.plist"; sourceTree = "<group>"; };
		A31E99E51945D13000340069 /* en */ = {isa = PBXFileReference; lastKnownFileType = text.plist.strings; name = en; path = en.lproj/InfoPlist.strings; sourceTree = "<group>"; };
		A31E99E71945D13000340069 /* main.m */ = {isa = PBXFileReference; lastKnownFileType = sourcecode.c.objc; path = main.m; sourceTree = "<group>"; };
		A31E99E91945D13000340069 /* Thousand Words-Prefix.pch */ = {isa = PBXFileReference; lastKnownFileType = sourcecode.c.h; path = "Thousand Words-Prefix.pch"; sourceTree = "<group>"; };
		A31E99EA1945D13000340069 /* TWAppDelegate.h */ = {isa = PBXFileReference; lastKnownFileType = sourcecode.c.h; path = TWAppDelegate.h; sourceTree = "<group>"; };
		A31E99EB1945D13000340069 /* TWAppDelegate.m */ = {isa = PBXFileReference; lastKnownFileType = sourcecode.c.objc; path = TWAppDelegate.m; sourceTree = "<group>"; };
		A31E99EE1945D13000340069 /* Thousand_Words.xcdatamodel */ = {isa = PBXFileReference; lastKnownFileType = wrapper.xcdatamodel; path = Thousand_Words.xcdatamodel; sourceTree = "<group>"; };
		A31E99F01945D13000340069 /* Images.xcassets */ = {isa = PBXFileReference; lastKnownFileType = folder.assetcatalog; path = Images.xcassets; sourceTree = "<group>"; };
		A31E99F61945D13000340069 /* Thousand WordsTests.xctest */ = {isa = PBXFileReference; explicitFileType = wrapper.cfbundle; includeInIndex = 0; path = "Thousand WordsTests.xctest"; sourceTree = BUILT_PRODUCTS_DIR; };
		A31E99F71945D13000340069 /* XCTest.framework */ = {isa = PBXFileReference; lastKnownFileType = wrapper.framework; name = XCTest.framework; path = Library/Frameworks/XCTest.framework; sourceTree = DEVELOPER_DIR; };
		A31E9A001945D13000340069 /* Thousand WordsTests-Info.plist */ = {isa = PBXFileReference; lastKnownFileType = text.plist.xml; path = "Thousand WordsTests-Info.plist"; sourceTree = "<group>"; };
		A31E9A021945D13000340069 /* en */ = {isa = PBXFileReference; lastKnownFileType = text.plist.strings; name = en; path = en.lproj/InfoPlist.strings; sourceTree = "<group>"; };
		A31E9A041945D13000340069 /* Thousand_WordsTests.m */ = {isa = PBXFileReference; lastKnownFileType = sourcecode.c.objc; path = Thousand_WordsTests.m; sourceTree = "<group>"; };
		A31E9A0E1945D2A800340069 /* Storyboard.storyboard */ = {isa = PBXFileReference; fileEncoding = 4; lastKnownFileType = file.storyboard; path = Storyboard.storyboard; sourceTree = "<group>"; };
		A31E9A101945D34800340069 /* TWAlbumTableViewController.h */ = {isa = PBXFileReference; fileEncoding = 4; lastKnownFileType = sourcecode.c.h; path = TWAlbumTableViewController.h; sourceTree = "<group>"; };
		A31E9A111945D34800340069 /* TWAlbumTableViewController.m */ = {isa = PBXFileReference; fileEncoding = 4; lastKnownFileType = sourcecode.c.objc; path = TWAlbumTableViewController.m; sourceTree = "<group>"; };
		A31E9A161946628800340069 /* TWCoreDataHelper.h */ = {isa = PBXFileReference; fileEncoding = 4; lastKnownFileType = sourcecode.c.h; path = TWCoreDataHelper.h; sourceTree = "<group>"; };
		A31E9A171946628800340069 /* TWCoreDataHelper.m */ = {isa = PBXFileReference; fileEncoding = 4; lastKnownFileType = sourcecode.c.objc; path = TWCoreDataHelper.m; sourceTree = "<group>"; };
		A31E9A191947AB9300340069 /* TWPhotosCollectionViewController.h */ = {isa = PBXFileReference; fileEncoding = 4; lastKnownFileType = sourcecode.c.h; path = TWPhotosCollectionViewController.h; sourceTree = "<group>"; };
		A31E9A1A1947AB9300340069 /* TWPhotosCollectionViewController.m */ = {isa = PBXFileReference; fileEncoding = 4; lastKnownFileType = sourcecode.c.objc; path = TWPhotosCollectionViewController.m; sourceTree = "<group>"; };
		A31E9A1C1947AE8200340069 /* TWPhotoCollectionViewCell.h */ = {isa = PBXFileReference; fileEncoding = 4; lastKnownFileType = sourcecode.c.h; path = TWPhotoCollectionViewCell.h; sourceTree = "<group>"; };
		A31E9A1D1947AE8200340069 /* TWPhotoCollectionViewCell.m */ = {isa = PBXFileReference; fileEncoding = 4; lastKnownFileType = sourcecode.c.objc; path = TWPhotoCollectionViewCell.m; sourceTree = "<group>"; };
		A31E9A1F1947B15800340069 /* gunnar 2.jpg */ = {isa = PBXFileReference; lastKnownFileType = image.jpeg; path = "gunnar 2.jpg"; sourceTree = "<group>"; };
		A37956BC19D9452D009ECE6A /* Album.h */ = {isa = PBXFileReference; fileEncoding = 4; lastKnownFileType = sourcecode.c.h; path = Album.h; sourceTree = "<group>"; };
		A37956BD19D9452D009ECE6A /* Album.m */ = {isa = PBXFileReference; fileEncoding = 4; lastKnownFileType = sourcecode.c.objc; path = Album.m; sourceTree = "<group>"; };
		A37956BF19D9452E009ECE6A /* Photo.h */ = {isa = PBXFileReference; fileEncoding = 4; lastKnownFileType = sourcecode.c.h; path = Photo.h; sourceTree = "<group>"; };
		A37956C019D9452E009ECE6A /* Photo.m */ = {isa = PBXFileReference; fileEncoding = 4; lastKnownFileType = sourcecode.c.objc; path = Photo.m; sourceTree = "<group>"; };
		A37956C319D94669009ECE6A /* TWPictureDataTransformer.h */ = {isa = PBXFileReference; fileEncoding = 4; lastKnownFileType = sourcecode.c.h; path = TWPictureDataTransformer.h; sourceTree = "<group>"; };
		A37956C419D94669009ECE6A /* TWPictureDataTransformer.m */ = {isa = PBXFileReference; fileEncoding = 4; lastKnownFileType = sourcecode.c.objc; path = TWPictureDataTransformer.m; sourceTree = "<group>"; };
		A37956C619DACDD9009ECE6A /* TWPhotoDetailViewController.h */ = {isa = PBXFileReference; fileEncoding = 4; lastKnownFileType = sourcecode.c.h; path = TWPhotoDetailViewController.h; sourceTree = "<group>"; };
		A37956C719DACDD9009ECE6A /* TWPhotoDetailViewController.m */ = {isa = PBXFileReference; fileEncoding = 4; lastKnownFileType = sourcecode.c.objc; path = TWPhotoDetailViewController.m; sourceTree = "<group>"; };
		A37956C919DAD713009ECE6A /* TWFiltersCollectionViewController.h */ = {isa = PBXFileReference; fileEncoding = 4; lastKnownFileType = sourcecode.c.h; path = TWFiltersCollectionViewController.h; sourceTree = "<group>"; };
		A37956CA19DAD713009ECE6A /* TWFiltersCollectionViewController.m */ = {isa = PBXFileReference; fileEncoding = 4; lastKnownFileType = sourcecode.c.objc; path = TWFiltersCollectionViewController.m; sourceTree = "<group>"; };
/* End PBXFileReference section */

/* Begin PBXFrameworksBuildPhase section */
		A31E99D31945D13000340069 /* Frameworks */ = {
			isa = PBXFrameworksBuildPhase;
			buildActionMask = 2147483647;
			files = (
				A31E99DC1945D13000340069 /* CoreGraphics.framework in Frameworks */,
				A31E99E01945D13000340069 /* CoreData.framework in Frameworks */,
				A31E99DE1945D13000340069 /* UIKit.framework in Frameworks */,
				A31E99DA1945D13000340069 /* Foundation.framework in Frameworks */,
			);
			runOnlyForDeploymentPostprocessing = 0;
		};
		A31E99F31945D13000340069 /* Frameworks */ = {
			isa = PBXFrameworksBuildPhase;
			buildActionMask = 2147483647;
			files = (
				A31E99F81945D13000340069 /* XCTest.framework in Frameworks */,
				A31E99FB1945D13000340069 /* CoreData.framework in Frameworks */,
				A31E99FA1945D13000340069 /* UIKit.framework in Frameworks */,
				A31E99F91945D13000340069 /* Foundation.framework in Frameworks */,
			);
			runOnlyForDeploymentPostprocessing = 0;
		};
/* End PBXFrameworksBuildPhase section */

/* Begin PBXGroup section */
		A31E99CD1945D13000340069 = {
			isa = PBXGroup;
			children = (
				A31E99E11945D13000340069 /* Thousand Words */,
				A31E99FE1945D13000340069 /* Thousand WordsTests */,
				A31E99D81945D13000340069 /* Frameworks */,
				A31E99D71945D13000340069 /* Products */,
			);
			sourceTree = "<group>";
		};
		A31E99D71945D13000340069 /* Products */ = {
			isa = PBXGroup;
			children = (
				A31E99D61945D13000340069 /* Thousand Words.app */,
				A31E99F61945D13000340069 /* Thousand WordsTests.xctest */,
			);
			name = Products;
			sourceTree = "<group>";
		};
		A31E99D81945D13000340069 /* Frameworks */ = {
			isa = PBXGroup;
			children = (
				A31E99D91945D13000340069 /* Foundation.framework */,
				A31E99DB1945D13000340069 /* CoreGraphics.framework */,
				A31E99DD1945D13000340069 /* UIKit.framework */,
				A31E99DF1945D13000340069 /* CoreData.framework */,
				A31E99F71945D13000340069 /* XCTest.framework */,
			);
			name = Frameworks;
			sourceTree = "<group>";
		};
		A31E99E11945D13000340069 /* Thousand Words */ = {
			isa = PBXGroup;
			children = (
				A31E9A0E1945D2A800340069 /* Storyboard.storyboard */,
				A37956C919DAD713009ECE6A /* TWFiltersCollectionViewController.h */,
				A37956CA19DAD713009ECE6A /* TWFiltersCollectionViewController.m */,
				A37956C619DACDD9009ECE6A /* TWPhotoDetailViewController.h */,
				A37956C719DACDD9009ECE6A /* TWPhotoDetailViewController.m */,
				A31E9A1C1947AE8200340069 /* TWPhotoCollectionViewCell.h */,
				A31E9A1D1947AE8200340069 /* TWPhotoCollectionViewCell.m */,
				A31E9A191947AB9300340069 /* TWPhotosCollectionViewController.h */,
				A31E9A1A1947AB9300340069 /* TWPhotosCollectionViewController.m */,
				A31E9A101945D34800340069 /* TWAlbumTableViewController.h */,
				A31E9A111945D34800340069 /* TWAlbumTableViewController.m */,
				A31E9A161946628800340069 /* TWCoreDataHelper.h */,
				A31E9A171946628800340069 /* TWCoreDataHelper.m */,
				A31E99F01945D13000340069 /* Images.xcassets */,
				A37956C219D94598009ECE6A /* CoreData */,
				A31E99E21945D13000340069 /* Supporting Files */,
			);
			path = "Thousand Words";
			sourceTree = "<group>";
		};
		A31E99E21945D13000340069 /* Supporting Files */ = {
			isa = PBXGroup;
			children = (
				A31E9A1F1947B15800340069 /* gunnar 2.jpg */,
				A31E99EA1945D13000340069 /* TWAppDelegate.h */,
				A31E99EB1945D13000340069 /* TWAppDelegate.m */,
				A31E99E31945D13000340069 /* Thousand Words-Info.plist */,
				A31E99E41945D13000340069 /* InfoPlist.strings */,
				A31E99E71945D13000340069 /* main.m */,
				A31E99E91945D13000340069 /* Thousand Words-Prefix.pch */,
			);
			name = "Supporting Files";
			sourceTree = "<group>";
		};
		A31E99FE1945D13000340069 /* Thousand WordsTests */ = {
			isa = PBXGroup;
			children = (
				A31E9A041945D13000340069 /* Thousand_WordsTests.m */,
				A31E99FF1945D13000340069 /* Supporting Files */,
			);
			path = "Thousand WordsTests";
			sourceTree = "<group>";
		};
		A31E99FF1945D13000340069 /* Supporting Files */ = {
			isa = PBXGroup;
			children = (
				A31E9A001945D13000340069 /* Thousand WordsTests-Info.plist */,
				A31E9A011945D13000340069 /* InfoPlist.strings */,
			);
			name = "Supporting Files";
			sourceTree = "<group>";
		};
		A37956C219D94598009ECE6A /* CoreData */ = {
			isa = PBXGroup;
			children = (
				A37956C319D94669009ECE6A /* TWPictureDataTransformer.h */,
				A37956C419D94669009ECE6A /* TWPictureDataTransformer.m */,
				A37956BC19D9452D009ECE6A /* Album.h */,
				A37956BD19D9452D009ECE6A /* Album.m */,
				A37956BF19D9452E009ECE6A /* Photo.h */,
				A37956C019D9452E009ECE6A /* Photo.m */,
				A31E99ED1945D13000340069 /* Thousand_Words.xcdatamodeld */,
			);
			name = CoreData;
			sourceTree = "<group>";
		};
/* End PBXGroup section */

/* Begin PBXNativeTarget section */
		A31E99D51945D13000340069 /* Thousand Words */ = {
			isa = PBXNativeTarget;
			buildConfigurationList = A31E9A081945D13000340069 /* Build configuration list for PBXNativeTarget "Thousand Words" */;
			buildPhases = (
				A31E99D21945D13000340069 /* Sources */,
				A31E99D31945D13000340069 /* Frameworks */,
				A31E99D41945D13000340069 /* Resources */,
			);
			buildRules = (
			);
			dependencies = (
			);
			name = "Thousand Words";
			productName = "Thousand Words";
			productReference = A31E99D61945D13000340069 /* Thousand Words.app */;
			productType = "com.apple.product-type.application";
		};
		A31E99F51945D13000340069 /* Thousand WordsTests */ = {
			isa = PBXNativeTarget;
			buildConfigurationList = A31E9A0B1945D13000340069 /* Build configuration list for PBXNativeTarget "Thousand WordsTests" */;
			buildPhases = (
				A31E99F21945D13000340069 /* Sources */,
				A31E99F31945D13000340069 /* Frameworks */,
				A31E99F41945D13000340069 /* Resources */,
			);
			buildRules = (
			);
			dependencies = (
				A31E99FD1945D13000340069 /* PBXTargetDependency */,
			);
			name = "Thousand WordsTests";
			productName = "Thousand WordsTests";
			productReference = A31E99F61945D13000340069 /* Thousand WordsTests.xctest */;
			productType = "com.apple.product-type.bundle.unit-test";
		};
/* End PBXNativeTarget section */

/* Begin PBXProject section */
		A31E99CE1945D13000340069 /* Project object */ = {
			isa = PBXProject;
			attributes = {
				CLASSPREFIX = TW;
				LastUpgradeCheck = 0510;
				ORGANIZATIONNAME = "Daniel Jansson";
				TargetAttributes = {
					A31E99F51945D13000340069 = {
						TestTargetID = A31E99D51945D13000340069;
					};
				};
			};
			buildConfigurationList = A31E99D11945D13000340069 /* Build configuration list for PBXProject "Thousand Words" */;
			compatibilityVersion = "Xcode 3.2";
			developmentRegion = English;
			hasScannedForEncodings = 0;
			knownRegions = (
				en,
			);
			mainGroup = A31E99CD1945D13000340069;
			productRefGroup = A31E99D71945D13000340069 /* Products */;
			projectDirPath = "";
			projectRoot = "";
			targets = (
				A31E99D51945D13000340069 /* Thousand Words */,
				A31E99F51945D13000340069 /* Thousand WordsTests */,
			);
		};
/* End PBXProject section */

/* Begin PBXResourcesBuildPhase section */
		A31E99D41945D13000340069 /* Resources */ = {
			isa = PBXResourcesBuildPhase;
			buildActionMask = 2147483647;
			files = (
				A31E9A201947B15800340069 /* gunnar 2.jpg in Resources */,
				A31E99E61945D13000340069 /* InfoPlist.strings in Resources */,
				A31E99F11945D13000340069 /* Images.xcassets in Resources */,
				A31E9A0F1945D2A800340069 /* Storyboard.storyboard in Resources */,
			);
			runOnlyForDeploymentPostprocessing = 0;
		};
		A31E99F41945D13000340069 /* Resources */ = {
			isa = PBXResourcesBuildPhase;
			buildActionMask = 2147483647;
			files = (
				A31E9A031945D13000340069 /* InfoPlist.strings in Resources */,
			);
			runOnlyForDeploymentPostprocessing = 0;
		};
/* End PBXResourcesBuildPhase section */

/* Begin PBXSourcesBuildPhase section */
		A31E99D21945D13000340069 /* Sources */ = {
			isa = PBXSourcesBuildPhase;
			buildActionMask = 2147483647;
			files = (
				A31E99E81945D13000340069 /* main.m in Sources */,
				A37956CB19DAD713009ECE6A /* TWFiltersCollectionViewController.m in Sources */,
				A37956C519D94669009ECE6A /* TWPictureDataTransformer.m in Sources */,
				A31E9A1B1947AB9300340069 /* TWPhotosCollectionViewController.m in Sources */,
				A31E9A1E1947AE8200340069 /* TWPhotoCollectionViewCell.m in Sources */,
				A37956C119D9452E009ECE6A /* Photo.m in Sources */,
				A37956BE19D9452D009ECE6A /* Album.m in Sources */,
				A31E99EC1945D13000340069 /* TWAppDelegate.m in Sources */,
				A31E9A121945D34800340069 /* TWAlbumTableViewController.m in Sources */,
				A37956C819DACDD9009ECE6A /* TWPhotoDetailViewController.m in Sources */,
				A31E99EF1945D13000340069 /* Thousand_Words.xcdatamodeld in Sources */,
				A31E9A181946628800340069 /* TWCoreDataHelper.m in Sources */,
			);
			runOnlyForDeploymentPostprocessing = 0;
		};
		A31E99F21945D13000340069 /* Sources */ = {
			isa = PBXSourcesBuildPhase;
			buildActionMask = 2147483647;
			files = (
				A31E9A051945D13000340069 /* Thousand_WordsTests.m in Sources */,
			);
			runOnlyForDeploymentPostprocessing = 0;
		};
/* End PBXSourcesBuildPhase section */

/* Begin PBXTargetDependency section */
		A31E99FD1945D13000340069 /* PBXTargetDependency */ = {
			isa = PBXTargetDependency;
			target = A31E99D51945D13000340069 /* Thousand Words */;
			targetProxy = A31E99FC1945D13000340069 /* PBXContainerItemProxy */;
		};
/* End PBXTargetDependency section */

/* Begin PBXVariantGroup section */
		A31E99E41945D13000340069 /* InfoPlist.strings */ = {
			isa = PBXVariantGroup;
			children = (
				A31E99E51945D13000340069 /* en */,
			);
			name = InfoPlist.strings;
			sourceTree = "<group>";
		};
		A31E9A011945D13000340069 /* InfoPlist.strings */ = {
			isa = PBXVariantGroup;
			children = (
				A31E9A021945D13000340069 /* en */,
			);
			name = InfoPlist.strings;
			sourceTree = "<group>";
		};
/* End PBXVariantGroup section */

/* Begin XCBuildConfiguration section */
		A31E9A061945D13000340069 /* Debug */ = {
			isa = XCBuildConfiguration;
			buildSettings = {
				ALWAYS_SEARCH_USER_PATHS = NO;
				CLANG_CXX_LANGUAGE_STANDARD = "gnu++0x";
				CLANG_CXX_LIBRARY = "libc++";
				CLANG_ENABLE_MODULES = YES;
				CLANG_ENABLE_OBJC_ARC = YES;
				CLANG_WARN_BOOL_CONVERSION = YES;
				CLANG_WARN_CONSTANT_CONVERSION = YES;
				CLANG_WARN_DIRECT_OBJC_ISA_USAGE = YES_ERROR;
				CLANG_WARN_EMPTY_BODY = YES;
				CLANG_WARN_ENUM_CONVERSION = YES;
				CLANG_WARN_INT_CONVERSION = YES;
				CLANG_WARN_OBJC_ROOT_CLASS = YES_ERROR;
				CLANG_WARN__DUPLICATE_METHOD_MATCH = YES;
				"CODE_SIGN_IDENTITY[sdk=iphoneos*]" = "iPhone Developer";
				COPY_PHASE_STRIP = NO;
				GCC_C_LANGUAGE_STANDARD = gnu99;
				GCC_DYNAMIC_NO_PIC = NO;
				GCC_OPTIMIZATION_LEVEL = 0;
				GCC_PREPROCESSOR_DEFINITIONS = (
					"DEBUG=1",
					"$(inherited)",
				);
				GCC_SYMBOLS_PRIVATE_EXTERN = NO;
				GCC_WARN_64_TO_32_BIT_CONVERSION = YES;
				GCC_WARN_ABOUT_RETURN_TYPE = YES_ERROR;
				GCC_WARN_UNDECLARED_SELECTOR = YES;
				GCC_WARN_UNINITIALIZED_AUTOS = YES_AGGRESSIVE;
				GCC_WARN_UNUSED_FUNCTION = YES;
				GCC_WARN_UNUSED_VARIABLE = YES;
				IPHONEOS_DEPLOYMENT_TARGET = 7.1;
				ONLY_ACTIVE_ARCH = YES;
				SDKROOT = iphoneos;
			};
			name = Debug;
		};
		A31E9A071945D13000340069 /* Release */ = {
			isa = XCBuildConfiguration;
			buildSettings = {
				ALWAYS_SEARCH_USER_PATHS = NO;
				CLANG_CXX_LANGUAGE_STANDARD = "gnu++0x";
				CLANG_CXX_LIBRARY = "libc++";
				CLANG_ENABLE_MODULES = YES;
				CLANG_ENABLE_OBJC_ARC = YES;
				CLANG_WARN_BOOL_CONVERSION = YES;
				CLANG_WARN_CONSTANT_CONVERSION = YES;
				CLANG_WARN_DIRECT_OBJC_ISA_USAGE = YES_ERROR;
				CLANG_WARN_EMPTY_BODY = YES;
				CLANG_WARN_ENUM_CONVERSION = YES;
				CLANG_WARN_INT_CONVERSION = YES;
				CLANG_WARN_OBJC_ROOT_CLASS = YES_ERROR;
				CLANG_WARN__DUPLICATE_METHOD_MATCH = YES;
				"CODE_SIGN_IDENTITY[sdk=iphoneos*]" = "iPhone Developer";
				COPY_PHASE_STRIP = YES;
				ENABLE_NS_ASSERTIONS = NO;
				GCC_C_LANGUAGE_STANDARD = gnu99;
				GCC_WARN_64_TO_32_BIT_CONVERSION = YES;
				GCC_WARN_ABOUT_RETURN_TYPE = YES_ERROR;
				GCC_WARN_UNDECLARED_SELECTOR = YES;
				GCC_WARN_UNINITIALIZED_AUTOS = YES_AGGRESSIVE;
				GCC_WARN_UNUSED_FUNCTION = YES;
				GCC_WARN_UNUSED_VARIABLE = YES;
				IPHONEOS_DEPLOYMENT_TARGET = 7.1;
				SDKROOT = iphoneos;
				VALIDATE_PRODUCT = YES;
			};
			name = Release;
		};
		A31E9A091945D13000340069 /* Debug */ = {
			isa = XCBuildConfiguration;
			buildSettings = {
				ASSETCATALOG_COMPILER_APPICON_NAME = AppIcon;
				ASSETCATALOG_COMPILER_LAUNCHIMAGE_NAME = LaunchImage;
				GCC_PRECOMPILE_PREFIX_HEADER = YES;
				GCC_PREFIX_HEADER = "Thousand Words/Thousand Words-Prefix.pch";
				INFOPLIST_FILE = "Thousand Words/Thousand Words-Info.plist";
				PRODUCT_NAME = "$(TARGET_NAME)";
				WRAPPER_EXTENSION = app;
			};
			name = Debug;
		};
		A31E9A0A1945D13000340069 /* Release */ = {
			isa = XCBuildConfiguration;
			buildSettings = {
				ASSETCATALOG_COMPILER_APPICON_NAME = AppIcon;
				ASSETCATALOG_COMPILER_LAUNCHIMAGE_NAME = LaunchImage;
				GCC_PRECOMPILE_PREFIX_HEADER = YES;
				GCC_PREFIX_HEADER = "Thousand Words/Thousand Words-Prefix.pch";
				INFOPLIST_FILE = "Thousand Words/Thousand Words-Info.plist";
				PRODUCT_NAME = "$(TARGET_NAME)";
				WRAPPER_EXTENSION = app;
			};
			name = Release;
		};
		A31E9A0C1945D13000340069 /* Debug */ = {
			isa = XCBuildConfiguration;
			buildSettings = {
				BUNDLE_LOADER = "$(BUILT_PRODUCTS_DIR)/Thousand Words.app/Thousand Words";
				FRAMEWORK_SEARCH_PATHS = (
					"$(SDKROOT)/Developer/Library/Frameworks",
					"$(inherited)",
					"$(DEVELOPER_FRAMEWORKS_DIR)",
				);
				GCC_PRECOMPILE_PREFIX_HEADER = YES;
				GCC_PREFIX_HEADER = "Thousand Words/Thousand Words-Prefix.pch";
				GCC_PREPROCESSOR_DEFINITIONS = (
					"DEBUG=1",
					"$(inherited)",
				);
				INFOPLIST_FILE = "Thousand WordsTests/Thousand WordsTests-Info.plist";
				PRODUCT_NAME = "$(TARGET_NAME)";
				TEST_HOST = "$(BUNDLE_LOADER)";
				WRAPPER_EXTENSION = xctest;
			};
			name = Debug;
		};
		A31E9A0D1945D13000340069 /* Release */ = {
			isa = XCBuildConfiguration;
			buildSettings = {
				BUNDLE_LOADER = "$(BUILT_PRODUCTS_DIR)/Thousand Words.app/Thousand Words";
				FRAMEWORK_SEARCH_PATHS = (
					"$(SDKROOT)/Developer/Library/Frameworks",
					"$(inherited)",
					"$(DEVELOPER_FRAMEWORKS_DIR)",
				);
				GCC_PRECOMPILE_PREFIX_HEADER = YES;
				GCC_PREFIX_HEADER = "Thousand Words/Thousand Words-Prefix.pch";
				INFOPLIST_FILE = "Thousand WordsTests/Thousand WordsTests-Info.plist";
				PRODUCT_NAME = "$(TARGET_NAME)";
				TEST_HOST = "$(BUNDLE_LOADER)";
				WRAPPER_EXTENSION = xctest;
			};
			name = Release;
		};
/* End XCBuildConfiguration section */

/* Begin XCConfigurationList section */
		A31E99D11945D13000340069 /* Build configuration list for PBXProject "Thousand Words" */ = {
			isa = XCConfigurationList;
			buildConfigurations = (
				A31E9A061945D13000340069 /* Debug */,
				A31E9A071945D13000340069 /* Release */,
			);
			defaultConfigurationIsVisible = 0;
			defaultConfigurationName = Release;
		};
		A31E9A081945D13000340069 /* Build configuration list for PBXNativeTarget "Thousand Words" */ = {
			isa = XCConfigurationList;
			buildConfigurations = (
				A31E9A091945D13000340069 /* Debug */,
				A31E9A0A1945D13000340069 /* Release */,
			);
			defaultConfigurationIsVisible = 0;
			defaultConfigurationName = Release;
		};
		A31E9A0B1945D13000340069 /* Build configuration list for PBXNativeTarget "Thousand WordsTests" */ = {
			isa = XCConfigurationList;
			buildConfigurations = (
				A31E9A0C1945D13000340069 /* Debug */,
				A31E9A0D1945D13000340069 /* Release */,
			);
			defaultConfigurationIsVisible = 0;
			defaultConfigurationName = Release;
		};
/* End XCConfigurationList section */

/* Begin XCVersionGroup section */
		A31E99ED1945D13000340069 /* Thousand_Words.xcdatamodeld */ = {
			isa = XCVersionGroup;
			children = (
				A31E99EE1945D13000340069 /* Thousand_Words.xcdatamodel */,
			);
			currentVersion = A31E99EE1945D13000340069 /* Thousand_Words.xcdatamodel */;
			path = Thousand_Words.xcdatamodeld;
			sourceTree = "<group>";
			versionGroupType = wrapper.xcdatamodel;
		};
/* End XCVersionGroup section */
	};
	rootObject = A31E99CE1945D13000340069 /* Project object */;
}
